
Microsoft Visual Studio Solution File, Format Version 12.00
# Visual Studio Version 17
VisualStudioVersion = 17.4.33103.184
MinimumVisualStudioVersion = 10.0.40219.1
Project("{FAE04EC0-301F-11D3-BF4B-00C04F79EFBC}") = "Lunatic", "Lunatic.csproj", "{4E8A431C-D1AA-49DC-B00B-EF39CCAA4AA8}"
EndProject
Global
	GlobalSection(SolutionConfigurationPlatforms) = preSolution
		Debug|Any CPU = Debug|Any CPU
		Release|Any CPU = Release|Any CPU
	EndGlobalSection
	GlobalSection(ProjectConfigurationPlatforms) = postSolution
		{4E8A431C-D1AA-49DC-B00B-EF39CCAA4AA8}.Debug|Any CPU.ActiveCfg = Debug|Any CPU
		{4E8A431C-D1AA-49DC-B00B-EF39CCAA4AA8}.Debug|Any CPU.Build.0 = Debug|Any CPU
		{4E8A431C-D1AA-49DC-B00B-EF39CCAA4AA8}.Release|Any CPU.ActiveCfg = Release|Any CPU
		{4E8A431C-D1AA-49DC-B00B-EF39CCAA4AA8}.Release|Any CPU.Build.0 = Release|Any CPU
	EndGlobalSection
	GlobalSection(SolutionProperties) = preSolution
		HideSolutionNode = FALSE
	EndGlobalSection
	GlobalSection(ExtensibilityGlobals) = postSolution
		SolutionGuid = {E226EF55-802C-42A6-99FD-B8F337AE1A8B}
	EndGlobalSection
EndGlobal
